
Microsoft Visual Studio Solution File, Format Version 12.00
# Visual Studio Version 17
VisualStudioVersion = 17.14.36127.28 d17.14
MinimumVisualStudioVersion = 10.0.40219.1
Project("{C9674DCB-5085-4A16-B785-4C70DD1589BD}") = "integration serveces ECOMMERCE DB", "integration serveces ECOMMERCE DB\integration serveces ECOMMERCE DB.dtproj", "{B8D1DFD2-929A-BA6C-6BDA-B1D3EED2AF4C}"
EndProject
Global
	GlobalSection(SolutionConfigurationPlatforms) = preSolution
		Development|Default = Development|Default
	EndGlobalSection
	GlobalSection(ProjectConfigurationPlatforms) = postSolution
		{B8D1DFD2-929A-BA6C-6BDA-B1D3EED2AF4C}.Development|Default.ActiveCfg = Development
		{B8D1DFD2-929A-BA6C-6BDA-B1D3EED2AF4C}.Development|Default.Build.0 = Development
	EndGlobalSection
	GlobalSection(SolutionProperties) = preSolution
		HideSolutionNode = FALSE
	EndGlobalSection
	GlobalSection(ExtensibilityGlobals) = postSolution
		SolutionGuid = {243808CA-B7C8-4537-86F6-D14FD0FC73FB}
	EndGlobalSection
EndGlobal
